
Microsoft Visual Studio Solution File, Format Version 12.00
# Visual Studio Version 16
VisualStudioVersion = 25.0.1706.11
MinimumVisualStudioVersion = 10.0.40219.1
Project("{FAE04EC0-301F-11D3-BF4B-00C04F79EFBC}") = "CoffeeShop.EntityFramework", "CoffeeShop.EntityFramework\CoffeeShop.EntityFramework.csproj", "{47C9C360-52F9-4CCC-86C9-FE013E01D299}"
EndProject
Global
	GlobalSection(SolutionConfigurationPlatforms) = preSolution
		Debug|Any CPU = Debug|Any CPU
		Release|Any CPU = Release|Any CPU
	EndGlobalSection
	GlobalSection(ProjectConfigurationPlatforms) = postSolution
		{47C9C360-52F9-4CCC-86C9-FE013E01D299}.Debug|Any CPU.ActiveCfg = Debug|Any CPU
		{47C9C360-52F9-4CCC-86C9-FE013E01D299}.Debug|Any CPU.Build.0 = Debug|Any CPU
		{47C9C360-52F9-4CCC-86C9-FE013E01D299}.Release|Any CPU.ActiveCfg = Release|Any CPU
		{47C9C360-52F9-4CCC-86C9-FE013E01D299}.Release|Any CPU.Build.0 = Release|Any CPU
	EndGlobalSection
	GlobalSection(SolutionProperties) = preSolution
		HideSolutionNode = FALSE
	EndGlobalSection
	GlobalSection(ExtensibilityGlobals) = postSolution
		SolutionGuid = {3D2391D9-06FD-4ACA-9657-7767BB1EBC20}
	EndGlobalSection
EndGlobal
